
Microsoft Visual Studio Solution File, Format Version 12.00
# Visual Studio 2017
Project("{FAE04EC0-301F-11D3-BF4B-00C04F79EFBC}") = "Roll a ball2", "Roll a ball2.csproj", "{781856CB-8E05-AB7F-9E26-EF86C53DDA0C}"
EndProject
Global
	GlobalSection(SolutionConfigurationPlatforms) = preSolution
		Debug|Any CPU = Debug|Any CPU
		Release|Any CPU = Release|Any CPU
	EndGlobalSection
	GlobalSection(ProjectConfigurationPlatforms) = postSolution
		{781856CB-8E05-AB7F-9E26-EF86C53DDA0C}.Debug|Any CPU.ActiveCfg = Debug|Any CPU
		{781856CB-8E05-AB7F-9E26-EF86C53DDA0C}.Debug|Any CPU.Build.0 = Debug|Any CPU
		{781856CB-8E05-AB7F-9E26-EF86C53DDA0C}.Release|Any CPU.ActiveCfg = Release|Any CPU
		{781856CB-8E05-AB7F-9E26-EF86C53DDA0C}.Release|Any CPU.Build.0 = Release|Any CPU
	EndGlobalSection
	GlobalSection(SolutionProperties) = preSolution
		HideSolutionNode = FALSE
	EndGlobalSection
EndGlobal
